
Microsoft Visual Studio Solution File, Format Version 12.00
# Visual Studio Version 17
VisualStudioVersion = 17.8.34330.188
MinimumVisualStudioVersion = 10.0.40219.1
Project("{FAE04EC0-301F-11D3-BF4B-00C04F79EFBC}") = "PDFMerger", "PDFMerger.csproj", "{0105980C-EE0D-4438-89CE-F87505E87D6E}"
EndProject
Global
	GlobalSection(SolutionConfigurationPlatforms) = preSolution
		Debug|Any CPU = Debug|Any CPU
		Release|Any CPU = Release|Any CPU
	EndGlobalSection
	GlobalSection(ProjectConfigurationPlatforms) = postSolution
		{0105980C-EE0D-4438-89CE-F87505E87D6E}.Debug|Any CPU.ActiveCfg = Debug|Any CPU
		{0105980C-EE0D-4438-89CE-F87505E87D6E}.Debug|Any CPU.Build.0 = Debug|Any CPU
		{0105980C-EE0D-4438-89CE-F87505E87D6E}.Release|Any CPU.ActiveCfg = Release|Any CPU
		{0105980C-EE0D-4438-89CE-F87505E87D6E}.Release|Any CPU.Build.0 = Release|Any CPU
	EndGlobalSection
	GlobalSection(SolutionProperties) = preSolution
		HideSolutionNode = FALSE
	EndGlobalSection
	GlobalSection(ExtensibilityGlobals) = postSolution
		SolutionGuid = {B0757214-9160-42D6-A632-C29ED514966A}
	EndGlobalSection
EndGlobal
